
Microsoft Visual Studio Solution File, Format Version 12.00
Project("{2150E333-8FDC-42A3-9474-1A3956D46DE8}") = "Solution Items", "Solution Items", "{99999999-9999-9999-9999-999999999999}"
	ProjectSection(SolutionItems) = preProject
		Directory.Packages.props = Directory.Packages.props
		Artix.API.slnx = Artix.API.slnx
		.gitignore = .gitignore
		.editorconfig = .editorconfig
		docker-compose.yaml = docker-compose.yaml
		Dockerfile = Dockerfile
		nginx.conf = nginx.conf
	EndProjectSection
EndProject
Project("{2150E333-8FDC-42A3-9474-1A3956D46DE8}") = "Core", "Core", "{82FD86BC-E072-4FB6-8992-D00DE3687E2C}"
EndProject
Project("{2150E333-8FDC-42A3-9474-1A3956D46DE8}") = "Infra", "Infra", "{0A235300-A218-47C8-B48A-E00C2452DC7A}"
EndProject
Project("{2150E333-8FDC-42A3-9474-1A3956D46DE8}") = "Presentation", "Presentation", "{882E216E-2060-4283-8D24-B892BE6688F6}"
EndProject
Project("{2150E333-8FDC-42A3-9474-1A3956D46DE8}") = "src", "src", "{F4DE7FB0-DCAA-4384-9881-6F525B134F09}"
EndProject
Project("{FAE04EC0-301F-11D3-BF4B-00C04F79EFBC}") = "Artix.API.Core.ApplicationService", "src\Core\Artix.API.Core.ApplicationService\Artix.API.Core.ApplicationService.csproj", "{6796302F-F731-4823-A529-E25355C88DB2}"
EndProject
Project("{FAE04EC0-301F-11D3-BF4B-00C04F79EFBC}") = "Artix.API.Core.Contract", "src\Core\Artix.API.Core.Contract\Artix.API.Core.Contract.csproj", "{38E27C5D-5D68-484C-8666-546D58C2D570}"
EndProject
Project("{FAE04EC0-301F-11D3-BF4B-00C04F79EFBC}") = "Artix.API.Core.Domain", "src\Core\Artix.API.Core.Domain\Artix.API.Core.Domain.csproj", "{37F09841-0D80-45F5-9693-227E3B67F67F}"
EndProject
Project("{FAE04EC0-301F-11D3-BF4B-00C04F79EFBC}") = "Artix.API.Core.DomainService", "src\Core\Artix.API.Core.DomainService\Artix.API.Core.DomainService.csproj", "{CBB6D61F-84EA-4C3E-B3C6-E3710920306D}"
EndProject
Project("{FAE04EC0-301F-11D3-BF4B-00C04F79EFBC}") = "Artix.API.Infra.Sql", "src\Infra\Artix.API.Infra.Sql\Artix.API.Infra.Sql.csproj", "{80E52C0B-46E9-466E-B615-2F59B899D199}"
EndProject
Project("{FAE04EC0-301F-11D3-BF4B-00C04F79EFBC}") = "Artix.API.Endpoints", "src\Presentation\Artix.API.Endpoints\Artix.API.Endpoints.csproj", "{BAAC395F-0C8C-4F41-8C10-CD389CF5B6D9}"
EndProject
Project("{FAE04EC0-301F-11D3-BF4B-00C04F79EFBC}") = "Artix.API.WebService", "src\Presentation\Artix.API.WebService\Artix.API.WebService.csproj", "{AE0FBD20-4151-4AEB-9648-F9BAD71314FC}"
EndProject
Project("{FAE04EC0-301F-11D3-BF4B-00C04F79EFBC}") = "Artix.API.Infra.File", "src\Infra\Artix.API.Infra.File\Artix.API.Infra.File.csproj", "{1C13849C-C529-4887-94A7-51CFF25B0906}"
EndProject
Project("{FAE04EC0-301F-11D3-BF4B-00C04F79EFBC}") = "Artix.API.Infra.Redis", "src\Infra\Artix.API.Infra.Redis\Artix.API.Infra.Redis.csproj", "{0AA5B346-664C-482C-8DAD-CB99B826E688}"
EndProject
Project("{FAE04EC0-301F-11D3-BF4B-00C04F79EFBC}") = "Artix.API.Infra.Identity", "src\Infra\Artix.API.Infra.Identity\Artix.API.Infra.Identity.csproj", "{AF2C0A87-ED2C-4AFC-B5F5-993327ACE08D}"
EndProject
Project("{FAE04EC0-301F-11D3-BF4B-00C04F79EFBC}") = "Artix.API.Infra.RabbitMQ", "src\Infra\Artix.API.Infra.RabbitMQ\Artix.API.Infra.RabbitMQ.csproj", "{3A9889BE-1EB2-4A33-B1BA-B6DAD16A7657}"
EndProject
Project("{2150E333-8FDC-42A3-9474-1A3956D46DE8}") = "tests", "tests", "{F8E42C2A-C16E-4614-BBB2-C0D821A821B8}"
	ProjectSection(SolutionItems) = preProject
		tests\Directory.Build.props = tests\Directory.Build.props
	EndProjectSection
EndProject
Project("{2150E333-8FDC-42A3-9474-1A3956D46DE8}") = "Orchestration", "Orchestration", "{D0EE9402-F432-480C-B36C-8DA566DFD830}"
EndProject
Project("{FAE04EC0-301F-11D3-BF4B-00C04F79EFBC}") = "Artix.API.Orchestration.ServiceDefaults", "src\Orchestration\Artix.API.Orchestration.ServiceDefaults\Artix.API.Orchestration.ServiceDefaults.csproj", "{841A7F89-E730-4277-910E-75D8562E670C}"
EndProject
Project("{FAE04EC0-301F-11D3-BF4B-00C04F79EFBC}") = "Artix.API.Orchestration.AppHost", "src\Orchestration\Artix.API.Orchestration.AppHost\Artix.API.Orchestration.AppHost.csproj", "{46B25215-9EDB-4FB0-A5D4-F519FBF50E68}"
EndProject
Project("{FAE04EC0-301F-11D3-BF4B-00C04F79EFBC}") = "Artix.API.Tests.Unit", "tests\Artix.API.Tests.Unit\Artix.API.Tests.Unit.csproj", "{FB7CD615-F446-4246-BD3A-96EFCFB22AD0}"
EndProject
Project("{FAE04EC0-301F-11D3-BF4B-00C04F79EFBC}") = "Artix.API.Tests.Integration", "tests\Artix.API.Tests.Integration\Artix.API.Tests.Integration.csproj", "{85BADB42-39D4-4D95-9CD9-82C24B8EC83C}"
EndProject
Project("{FAE04EC0-301F-11D3-BF4B-00C04F79EFBC}") = "Artix.API.Tests.EndToEnd", "tests\Artix.API.Tests.EndToEnd\Artix.API.Tests.EndToEnd.csproj", "{04EC416F-9ABD-4F77-8208-205BB70E25AB}"
EndProject
Global
	GlobalSection(SolutionConfigurationPlatforms) = preSolution
		Debug|Any CPU = Debug|Any CPU
		Debug|x64 = Debug|x64
		Debug|x86 = Debug|x86
		Release|Any CPU = Release|Any CPU
		Release|x64 = Release|x64
		Release|x86 = Release|x86
	EndGlobalSection
	GlobalSection(ProjectConfigurationPlatforms) = postSolution
		{6796302F-F731-4823-A529-E25355C88DB2}.Debug|Any CPU.ActiveCfg = Debug|Any CPU
		{6796302F-F731-4823-A529-E25355C88DB2}.Debug|Any CPU.Build.0 = Debug|Any CPU
		{6796302F-F731-4823-A529-E25355C88DB2}.Debug|x64.ActiveCfg = Debug|Any CPU
		{6796302F-F731-4823-A529-E25355C88DB2}.Debug|x64.Build.0 = Debug|Any CPU
		{6796302F-F731-4823-A529-E25355C88DB2}.Debug|x86.ActiveCfg = Debug|Any CPU
		{6796302F-F731-4823-A529-E25355C88DB2}.Debug|x86.Build.0 = Debug|Any CPU
		{6796302F-F731-4823-A529-E25355C88DB2}.Release|Any CPU.ActiveCfg = Release|Any CPU
		{6796302F-F731-4823-A529-E25355C88DB2}.Release|Any CPU.Build.0 = Release|Any CPU
		{6796302F-F731-4823-A529-E25355C88DB2}.Release|x64.ActiveCfg = Release|Any CPU
		{6796302F-F731-4823-A529-E25355C88DB2}.Release|x64.Build.0 = Release|Any CPU
		{6796302F-F731-4823-A529-E25355C88DB2}.Release|x86.ActiveCfg = Release|Any CPU
		{6796302F-F731-4823-A529-E25355C88DB2}.Release|x86.Build.0 = Release|Any CPU
		{38E27C5D-5D68-484C-8666-546D58C2D570}.Debug|Any CPU.ActiveCfg = Debug|Any CPU
		{38E27C5D-5D68-484C-8666-546D58C2D570}.Debug|Any CPU.Build.0 = Debug|Any CPU
		{38E27C5D-5D68-484C-8666-546D58C2D570}.Debug|x64.ActiveCfg = Debug|Any CPU
		{38E27C5D-5D68-484C-8666-546D58C2D570}.Debug|x64.Build.0 = Debug|Any CPU
		{38E27C5D-5D68-484C-8666-546D58C2D570}.Debug|x86.ActiveCfg = Debug|Any CPU
		{38E27C5D-5D68-484C-8666-546D58C2D570}.Debug|x86.Build.0 = Debug|Any CPU
		{38E27C5D-5D68-484C-8666-546D58C2D570}.Release|Any CPU.ActiveCfg = Release|Any CPU
		{38E27C5D-5D68-484C-8666-546D58C2D570}.Release|Any CPU.Build.0 = Release|Any CPU
		{38E27C5D-5D68-484C-8666-546D58C2D570}.Release|x64.ActiveCfg = Release|Any CPU
		{38E27C5D-5D68-484C-8666-546D58C2D570}.Release|x64.Build.0 = Release|Any CPU
		{38E27C5D-5D68-484C-8666-546D58C2D570}.Release|x86.ActiveCfg = Release|Any CPU
		{38E27C5D-5D68-484C-8666-546D58C2D570}.Release|x86.Build.0 = Release|Any CPU
		{37F09841-0D80-45F5-9693-227E3B67F67F}.Debug|Any CPU.ActiveCfg = Debug|Any CPU
		{37F09841-0D80-45F5-9693-227E3B67F67F}.Debug|Any CPU.Build.0 = Debug|Any CPU
		{37F09841-0D80-45F5-9693-227E3B67F67F}.Debug|x64.ActiveCfg = Debug|Any CPU
		{37F09841-0D80-45F5-9693-227E3B67F67F}.Debug|x64.Build.0 = Debug|Any CPU
		{37F09841-0D80-45F5-9693-227E3B67F67F}.Debug|x86.ActiveCfg = Debug|Any CPU
		{37F09841-0D80-45F5-9693-227E3B67F67F}.Debug|x86.Build.0 = Debug|Any CPU
		{37F09841-0D80-45F5-9693-227E3B67F67F}.Release|Any CPU.ActiveCfg = Release|Any CPU
		{37F09841-0D80-45F5-9693-227E3B67F67F}.Release|Any CPU.Build.0 = Release|Any CPU
		{37F09841-0D80-45F5-9693-227E3B67F67F}.Release|x64.ActiveCfg = Release|Any CPU
		{37F09841-0D80-45F5-9693-227E3B67F67F}.Release|x64.Build.0 = Release|Any CPU
		{37F09841-0D80-45F5-9693-227E3B67F67F}.Release|x86.ActiveCfg = Release|Any CPU
		{37F09841-0D80-45F5-9693-227E3B67F67F}.Release|x86.Build.0 = Release|Any CPU
		{CBB6D61F-84EA-4C3E-B3C6-E3710920306D}.Debug|Any CPU.ActiveCfg = Debug|Any CPU
		{CBB6D61F-84EA-4C3E-B3C6-E3710920306D}.Debug|Any CPU.Build.0 = Debug|Any CPU
		{CBB6D61F-84EA-4C3E-B3C6-E3710920306D}.Debug|x64.ActiveCfg = Debug|Any CPU
		{CBB6D61F-84EA-4C3E-B3C6-E3710920306D}.Debug|x64.Build.0 = Debug|Any CPU
		{CBB6D61F-84EA-4C3E-B3C6-E3710920306D}.Debug|x86.ActiveCfg = Debug|Any CPU
		{CBB6D61F-84EA-4C3E-B3C6-E3710920306D}.Debug|x86.Build.0 = Debug|Any CPU
		{CBB6D61F-84EA-4C3E-B3C6-E3710920306D}.Release|Any CPU.ActiveCfg = Release|Any CPU
		{CBB6D61F-84EA-4C3E-B3C6-E3710920306D}.Release|Any CPU.Build.0 = Release|Any CPU
		{CBB6D61F-84EA-4C3E-B3C6-E3710920306D}.Release|x64.ActiveCfg = Release|Any CPU
		{CBB6D61F-84EA-4C3E-B3C6-E3710920306D}.Release|x64.Build.0 = Release|Any CPU
		{CBB6D61F-84EA-4C3E-B3C6-E3710920306D}.Release|x86.ActiveCfg = Release|Any CPU
		{CBB6D61F-84EA-4C3E-B3C6-E3710920306D}.Release|x86.Build.0 = Release|Any CPU
		{80E52C0B-46E9-466E-B615-2F59B899D199}.Debug|Any CPU.ActiveCfg = Debug|Any CPU
		{80E52C0B-46E9-466E-B615-2F59B899D199}.Debug|Any CPU.Build.0 = Debug|Any CPU
		{80E52C0B-46E9-466E-B615-2F59B899D199}.Debug|x64.ActiveCfg = Debug|Any CPU
		{80E52C0B-46E9-466E-B615-2F59B899D199}.Debug|x64.Build.0 = Debug|Any CPU
		{80E52C0B-46E9-466E-B615-2F59B899D199}.Debug|x86.ActiveCfg = Debug|Any CPU
		{80E52C0B-46E9-466E-B615-2F59B899D199}.Debug|x86.Build.0 = Debug|Any CPU
		{80E52C0B-46E9-466E-B615-2F59B899D199}.Release|Any CPU.ActiveCfg = Release|Any CPU
		{80E52C0B-46E9-466E-B615-2F59B899D199}.Release|Any CPU.Build.0 = Release|Any CPU
		{80E52C0B-46E9-466E-B615-2F59B899D199}.Release|x64.ActiveCfg = Release|Any CPU
		{80E52C0B-46E9-466E-B615-2F59B899D199}.Release|x64.Build.0 = Release|Any CPU
		{80E52C0B-46E9-466E-B615-2F59B899D199}.Release|x86.ActiveCfg = Release|Any CPU
		{80E52C0B-46E9-466E-B615-2F59B899D199}.Release|x86.Build.0 = Release|Any CPU
		{BAAC395F-0C8C-4F41-8C10-CD389CF5B6D9}.Debug|Any CPU.ActiveCfg = Debug|Any CPU
		{BAAC395F-0C8C-4F41-8C10-CD389CF5B6D9}.Debug|Any CPU.Build.0 = Debug|Any CPU
		{BAAC395F-0C8C-4F41-8C10-CD389CF5B6D9}.Debug|x64.ActiveCfg = Debug|Any CPU
		{BAAC395F-0C8C-4F41-8C10-CD389CF5B6D9}.Debug|x64.Build.0 = Debug|Any CPU
		{BAAC395F-0C8C-4F41-8C10-CD389CF5B6D9}.Debug|x86.ActiveCfg = Debug|Any CPU
		{BAAC395F-0C8C-4F41-8C10-CD389CF5B6D9}.Debug|x86.Build.0 = Debug|Any CPU
		{BAAC395F-0C8C-4F41-8C10-CD389CF5B6D9}.Release|Any CPU.ActiveCfg = Release|Any CPU
		{BAAC395F-0C8C-4F41-8C10-CD389CF5B6D9}.Release|Any CPU.Build.0 = Release|Any CPU
		{BAAC395F-0C8C-4F41-8C10-CD389CF5B6D9}.Release|x64.ActiveCfg = Release|Any CPU
		{BAAC395F-0C8C-4F41-8C10-CD389CF5B6D9}.Release|x64.Build.0 = Release|Any CPU
		{BAAC395F-0C8C-4F41-8C10-CD389CF5B6D9}.Release|x86.ActiveCfg = Release|Any CPU
		{BAAC395F-0C8C-4F41-8C10-CD389CF5B6D9}.Release|x86.Build.0 = Release|Any CPU
		{AE0FBD20-4151-4AEB-9648-F9BAD71314FC}.Debug|Any CPU.ActiveCfg = Debug|Any CPU
		{AE0FBD20-4151-4AEB-9648-F9BAD71314FC}.Debug|Any CPU.Build.0 = Debug|Any CPU
		{AE0FBD20-4151-4AEB-9648-F9BAD71314FC}.Debug|x64.ActiveCfg = Debug|Any CPU
		{AE0FBD20-4151-4AEB-9648-F9BAD71314FC}.Debug|x64.Build.0 = Debug|Any CPU
		{AE0FBD20-4151-4AEB-9648-F9BAD71314FC}.Debug|x86.ActiveCfg = Debug|Any CPU
		{AE0FBD20-4151-4AEB-9648-F9BAD71314FC}.Debug|x86.Build.0 = Debug|Any CPU
		{AE0FBD20-4151-4AEB-9648-F9BAD71314FC}.Release|Any CPU.ActiveCfg = Release|Any CPU
		{AE0FBD20-4151-4AEB-9648-F9BAD71314FC}.Release|Any CPU.Build.0 = Release|Any CPU
		{AE0FBD20-4151-4AEB-9648-F9BAD71314FC}.Release|x64.ActiveCfg = Release|Any CPU
		{AE0FBD20-4151-4AEB-9648-F9BAD71314FC}.Release|x64.Build.0 = Release|Any CPU
		{AE0FBD20-4151-4AEB-9648-F9BAD71314FC}.Release|x86.ActiveCfg = Release|Any CPU
		{AE0FBD20-4151-4AEB-9648-F9BAD71314FC}.Release|x86.Build.0 = Release|Any CPU
		{1C13849C-C529-4887-94A7-51CFF25B0906}.Debug|Any CPU.ActiveCfg = Debug|Any CPU
		{1C13849C-C529-4887-94A7-51CFF25B0906}.Debug|Any CPU.Build.0 = Debug|Any CPU
		{1C13849C-C529-4887-94A7-51CFF25B0906}.Debug|x64.ActiveCfg = Debug|Any CPU
		{1C13849C-C529-4887-94A7-51CFF25B0906}.Debug|x64.Build.0 = Debug|Any CPU
		{1C13849C-C529-4887-94A7-51CFF25B0906}.Debug|x86.ActiveCfg = Debug|Any CPU
		{1C13849C-C529-4887-94A7-51CFF25B0906}.Debug|x86.Build.0 = Debug|Any CPU
		{1C13849C-C529-4887-94A7-51CFF25B0906}.Release|Any CPU.ActiveCfg = Release|Any CPU
		{1C13849C-C529-4887-94A7-51CFF25B0906}.Release|Any CPU.Build.0 = Release|Any CPU
		{1C13849C-C529-4887-94A7-51CFF25B0906}.Release|x64.ActiveCfg = Release|Any CPU
		{1C13849C-C529-4887-94A7-51CFF25B0906}.Release|x64.Build.0 = Release|Any CPU
		{1C13849C-C529-4887-94A7-51CFF25B0906}.Release|x86.ActiveCfg = Release|Any CPU
		{1C13849C-C529-4887-94A7-51CFF25B0906}.Release|x86.Build.0 = Release|Any CPU
		{0AA5B346-664C-482C-8DAD-CB99B826E688}.Debug|Any CPU.ActiveCfg = Debug|Any CPU
		{0AA5B346-664C-482C-8DAD-CB99B826E688}.Debug|Any CPU.Build.0 = Debug|Any CPU
		{0AA5B346-664C-482C-8DAD-CB99B826E688}.Debug|x64.ActiveCfg = Debug|Any CPU
		{0AA5B346-664C-482C-8DAD-CB99B826E688}.Debug|x64.Build.0 = Debug|Any CPU
		{0AA5B346-664C-482C-8DAD-CB99B826E688}.Debug|x86.ActiveCfg = Debug|Any CPU
		{0AA5B346-664C-482C-8DAD-CB99B826E688}.Debug|x86.Build.0 = Debug|Any CPU
		{0AA5B346-664C-482C-8DAD-CB99B826E688}.Release|Any CPU.ActiveCfg = Release|Any CPU
		{0AA5B346-664C-482C-8DAD-CB99B826E688}.Release|Any CPU.Build.0 = Release|Any CPU
		{0AA5B346-664C-482C-8DAD-CB99B826E688}.Release|x64.ActiveCfg = Release|Any CPU
		{0AA5B346-664C-482C-8DAD-CB99B826E688}.Release|x64.Build.0 = Release|Any CPU
		{0AA5B346-664C-482C-8DAD-CB99B826E688}.Release|x86.ActiveCfg = Release|Any CPU
		{0AA5B346-664C-482C-8DAD-CB99B826E688}.Release|x86.Build.0 = Release|Any CPU
		{AF2C0A87-ED2C-4AFC-B5F5-993327ACE08D}.Debug|Any CPU.ActiveCfg = Debug|Any CPU
		{AF2C0A87-ED2C-4AFC-B5F5-993327ACE08D}.Debug|Any CPU.Build.0 = Debug|Any CPU
		{AF2C0A87-ED2C-4AFC-B5F5-993327ACE08D}.Debug|x64.ActiveCfg = Debug|Any CPU
		{AF2C0A87-ED2C-4AFC-B5F5-993327ACE08D}.Debug|x64.Build.0 = Debug|Any CPU
		{AF2C0A87-ED2C-4AFC-B5F5-993327ACE08D}.Debug|x86.ActiveCfg = Debug|Any CPU
		{AF2C0A87-ED2C-4AFC-B5F5-993327ACE08D}.Debug|x86.Build.0 = Debug|Any CPU
		{AF2C0A87-ED2C-4AFC-B5F5-993327ACE08D}.Release|Any CPU.ActiveCfg = Release|Any CPU
		{AF2C0A87-ED2C-4AFC-B5F5-993327ACE08D}.Release|Any CPU.Build.0 = Release|Any CPU
		{AF2C0A87-ED2C-4AFC-B5F5-993327ACE08D}.Release|x64.ActiveCfg = Release|Any CPU
		{AF2C0A87-ED2C-4AFC-B5F5-993327ACE08D}.Release|x64.Build.0 = Release|Any CPU
		{AF2C0A87-ED2C-4AFC-B5F5-993327ACE08D}.Release|x86.ActiveCfg = Release|Any CPU
		{AF2C0A87-ED2C-4AFC-B5F5-993327ACE08D}.Release|x86.Build.0 = Release|Any CPU
		{3A9889BE-1EB2-4A33-B1BA-B6DAD16A7657}.Debug|Any CPU.ActiveCfg = Debug|Any CPU
		{3A9889BE-1EB2-4A33-B1BA-B6DAD16A7657}.Debug|Any CPU.Build.0 = Debug|Any CPU
		{3A9889BE-1EB2-4A33-B1BA-B6DAD16A7657}.Debug|x64.ActiveCfg = Debug|Any CPU
		{3A9889BE-1EB2-4A33-B1BA-B6DAD16A7657}.Debug|x64.Build.0 = Debug|Any CPU
		{3A9889BE-1EB2-4A33-B1BA-B6DAD16A7657}.Debug|x86.ActiveCfg = Debug|Any CPU
		{3A9889BE-1EB2-4A33-B1BA-B6DAD16A7657}.Debug|x86.Build.0 = Debug|Any CPU
		{3A9889BE-1EB2-4A33-B1BA-B6DAD16A7657}.Release|Any CPU.ActiveCfg = Release|Any CPU
		{3A9889BE-1EB2-4A33-B1BA-B6DAD16A7657}.Release|Any CPU.Build.0 = Release|Any CPU
		{3A9889BE-1EB2-4A33-B1BA-B6DAD16A7657}.Release|x64.ActiveCfg = Release|Any CPU
		{3A9889BE-1EB2-4A33-B1BA-B6DAD16A7657}.Release|x64.Build.0 = Release|Any CPU
		{3A9889BE-1EB2-4A33-B1BA-B6DAD16A7657}.Release|x86.ActiveCfg = Release|Any CPU
		{3A9889BE-1EB2-4A33-B1BA-B6DAD16A7657}.Release|x86.Build.0 = Release|Any CPU
		{841A7F89-E730-4277-910E-75D8562E670C}.Debug|Any CPU.ActiveCfg = Debug|Any CPU
		{841A7F89-E730-4277-910E-75D8562E670C}.Debug|Any CPU.Build.0 = Debug|Any CPU
		{841A7F89-E730-4277-910E-75D8562E670C}.Debug|x64.ActiveCfg = Debug|Any CPU
		{841A7F89-E730-4277-910E-75D8562E670C}.Debug|x64.Build.0 = Debug|Any CPU
		{841A7F89-E730-4277-910E-75D8562E670C}.Debug|x86.ActiveCfg = Debug|Any CPU
		{841A7F89-E730-4277-910E-75D8562E670C}.Debug|x86.Build.0 = Debug|Any CPU
		{841A7F89-E730-4277-910E-75D8562E670C}.Release|Any CPU.ActiveCfg = Release|Any CPU
		{841A7F89-E730-4277-910E-75D8562E670C}.Release|Any CPU.Build.0 = Release|Any CPU
		{841A7F89-E730-4277-910E-75D8562E670C}.Release|x64.ActiveCfg = Release|Any CPU
		{841A7F89-E730-4277-910E-75D8562E670C}.Release|x64.Build.0 = Release|Any CPU
		{841A7F89-E730-4277-910E-75D8562E670C}.Release|x86.ActiveCfg = Release|Any CPU
		{841A7F89-E730-4277-910E-75D8562E670C}.Release|x86.Build.0 = Release|Any CPU
		{46B25215-9EDB-4FB0-A5D4-F519FBF50E68}.Debug|Any CPU.ActiveCfg = Debug|Any CPU
		{46B25215-9EDB-4FB0-A5D4-F519FBF50E68}.Debug|Any CPU.Build.0 = Debug|Any CPU
		{46B25215-9EDB-4FB0-A5D4-F519FBF50E68}.Debug|x64.ActiveCfg = Debug|Any CPU
		{46B25215-9EDB-4FB0-A5D4-F519FBF50E68}.Debug|x64.Build.0 = Debug|Any CPU
		{46B25215-9EDB-4FB0-A5D4-F519FBF50E68}.Debug|x86.ActiveCfg = Debug|Any CPU
		{46B25215-9EDB-4FB0-A5D4-F519FBF50E68}.Debug|x86.Build.0 = Debug|Any CPU
		{46B25215-9EDB-4FB0-A5D4-F519FBF50E68}.Release|Any CPU.ActiveCfg = Release|Any CPU
		{46B25215-9EDB-4FB0-A5D4-F519FBF50E68}.Release|Any CPU.Build.0 = Release|Any CPU
		{46B25215-9EDB-4FB0-A5D4-F519FBF50E68}.Release|x64.ActiveCfg = Release|Any CPU
		{46B25215-9EDB-4FB0-A5D4-F519FBF50E68}.Release|x64.Build.0 = Release|Any CPU
		{46B25215-9EDB-4FB0-A5D4-F519FBF50E68}.Release|x86.ActiveCfg = Release|Any CPU
		{46B25215-9EDB-4FB0-A5D4-F519FBF50E68}.Release|x86.Build.0 = Release|Any CPU
		{FB7CD615-F446-4246-BD3A-96EFCFB22AD0}.Debug|Any CPU.ActiveCfg = Debug|Any CPU
		{FB7CD615-F446-4246-BD3A-96EFCFB22AD0}.Debug|Any CPU.Build.0 = Debug|Any CPU
		{FB7CD615-F446-4246-BD3A-96EFCFB22AD0}.Debug|x64.ActiveCfg = Debug|Any CPU
		{FB7CD615-F446-4246-BD3A-96EFCFB22AD0}.Debug|x64.Build.0 = Debug|Any CPU
		{FB7CD615-F446-4246-BD3A-96EFCFB22AD0}.Debug|x86.ActiveCfg = Debug|Any CPU
		{FB7CD615-F446-4246-BD3A-96EFCFB22AD0}.Debug|x86.Build.0 = Debug|Any CPU
		{FB7CD615-F446-4246-BD3A-96EFCFB22AD0}.Release|Any CPU.ActiveCfg = Release|Any CPU
		{FB7CD615-F446-4246-BD3A-96EFCFB22AD0}.Release|Any CPU.Build.0 = Release|Any CPU
		{FB7CD615-F446-4246-BD3A-96EFCFB22AD0}.Release|x64.ActiveCfg = Release|Any CPU
		{FB7CD615-F446-4246-BD3A-96EFCFB22AD0}.Release|x64.Build.0 = Release|Any CPU
		{FB7CD615-F446-4246-BD3A-96EFCFB22AD0}.Release|x86.ActiveCfg = Release|Any CPU
		{FB7CD615-F446-4246-BD3A-96EFCFB22AD0}.Release|x86.Build.0 = Release|Any CPU
		{85BADB42-39D4-4D95-9CD9-82C24B8EC83C}.Debug|Any CPU.ActiveCfg = Debug|Any CPU
		{85BADB42-39D4-4D95-9CD9-82C24B8EC83C}.Debug|Any CPU.Build.0 = Debug|Any CPU
		{85BADB42-39D4-4D95-9CD9-82C24B8EC83C}.Debug|x64.ActiveCfg = Debug|Any CPU
		{85BADB42-39D4-4D95-9CD9-82C24B8EC83C}.Debug|x64.Build.0 = Debug|Any CPU
		{85BADB42-39D4-4D95-9CD9-82C24B8EC83C}.Debug|x86.ActiveCfg = Debug|Any CPU
		{85BADB42-39D4-4D95-9CD9-82C24B8EC83C}.Debug|x86.Build.0 = Debug|Any CPU
		{85BADB42-39D4-4D95-9CD9-82C24B8EC83C}.Release|Any CPU.ActiveCfg = Release|Any CPU
		{85BADB42-39D4-4D95-9CD9-82C24B8EC83C}.Release|Any CPU.Build.0 = Release|Any CPU
		{85BADB42-39D4-4D95-9CD9-82C24B8EC83C}.Release|x64.ActiveCfg = Release|Any CPU
		{85BADB42-39D4-4D95-9CD9-82C24B8EC83C}.Release|x64.Build.0 = Release|Any CPU
		{85BADB42-39D4-4D95-9CD9-82C24B8EC83C}.Release|x86.ActiveCfg = Release|Any CPU
		{85BADB42-39D4-4D95-9CD9-82C24B8EC83C}.Release|x86.Build.0 = Release|Any CPU
		{04EC416F-9ABD-4F77-8208-205BB70E25AB}.Debug|Any CPU.ActiveCfg = Debug|Any CPU
		{04EC416F-9ABD-4F77-8208-205BB70E25AB}.Debug|Any CPU.Build.0 = Debug|Any CPU
		{04EC416F-9ABD-4F77-8208-205BB70E25AB}.Debug|x64.ActiveCfg = Debug|Any CPU
		{04EC416F-9ABD-4F77-8208-205BB70E25AB}.Debug|x64.Build.0 = Debug|Any CPU
		{04EC416F-9ABD-4F77-8208-205BB70E25AB}.Debug|x86.ActiveCfg = Debug|Any CPU
		{04EC416F-9ABD-4F77-8208-205BB70E25AB}.Debug|x86.Build.0 = Debug|Any CPU
		{04EC416F-9ABD-4F77-8208-205BB70E25AB}.Release|Any CPU.ActiveCfg = Release|Any CPU
		{04EC416F-9ABD-4F77-8208-205BB70E25AB}.Release|Any CPU.Build.0 = Release|Any CPU
		{04EC416F-9ABD-4F77-8208-205BB70E25AB}.Release|x64.ActiveCfg = Release|Any CPU
		{04EC416F-9ABD-4F77-8208-205BB70E25AB}.Release|x64.Build.0 = Release|Any CPU
		{04EC416F-9ABD-4F77-8208-205BB70E25AB}.Release|x86.ActiveCfg = Release|Any CPU
		{04EC416F-9ABD-4F77-8208-205BB70E25AB}.Release|x86.Build.0 = Release|Any CPU
	EndGlobalSection
	GlobalSection(SolutionProperties) = preSolution
		HideSolutionNode = FALSE
	EndGlobalSection
	GlobalSection(NestedProjects) = preSolution
		{82FD86BC-E072-4FB6-8992-D00DE3687E2C} = {F4DE7FB0-DCAA-4384-9881-6F525B134F09}
		{0A235300-A218-47C8-B48A-E00C2452DC7A} = {F4DE7FB0-DCAA-4384-9881-6F525B134F09}
		{882E216E-2060-4283-8D24-B892BE6688F6} = {F4DE7FB0-DCAA-4384-9881-6F525B134F09}
		{6796302F-F731-4823-A529-E25355C88DB2} = {82FD86BC-E072-4FB6-8992-D00DE3687E2C}
		{38E27C5D-5D68-484C-8666-546D58C2D570} = {82FD86BC-E072-4FB6-8992-D00DE3687E2C}
		{37F09841-0D80-45F5-9693-227E3B67F67F} = {82FD86BC-E072-4FB6-8992-D00DE3687E2C}
		{CBB6D61F-84EA-4C3E-B3C6-E3710920306D} = {82FD86BC-E072-4FB6-8992-D00DE3687E2C}
		{80E52C0B-46E9-466E-B615-2F59B899D199} = {0A235300-A218-47C8-B48A-E00C2452DC7A}
		{BAAC395F-0C8C-4F41-8C10-CD389CF5B6D9} = {882E216E-2060-4283-8D24-B892BE6688F6}
		{AE0FBD20-4151-4AEB-9648-F9BAD71314FC} = {882E216E-2060-4283-8D24-B892BE6688F6}
		{1C13849C-C529-4887-94A7-51CFF25B0906} = {0A235300-A218-47C8-B48A-E00C2452DC7A}
		{0AA5B346-664C-482C-8DAD-CB99B826E688} = {0A235300-A218-47C8-B48A-E00C2452DC7A}
		{AF2C0A87-ED2C-4AFC-B5F5-993327ACE08D} = {0A235300-A218-47C8-B48A-E00C2452DC7A}
		{3A9889BE-1EB2-4A33-B1BA-B6DAD16A7657} = {0A235300-A218-47C8-B48A-E00C2452DC7A}
		{D0EE9402-F432-480C-B36C-8DA566DFD830} = {F4DE7FB0-DCAA-4384-9881-6F525B134F09}
		{841A7F89-E730-4277-910E-75D8562E670C} = {D0EE9402-F432-480C-B36C-8DA566DFD830}
		{46B25215-9EDB-4FB0-A5D4-F519FBF50E68} = {D0EE9402-F432-480C-B36C-8DA566DFD830}
		{FB7CD615-F446-4246-BD3A-96EFCFB22AD0} = {F8E42C2A-C16E-4614-BBB2-C0D821A821B8}
		{85BADB42-39D4-4D95-9CD9-82C24B8EC83C} = {F8E42C2A-C16E-4614-BBB2-C0D821A821B8}
		{04EC416F-9ABD-4F77-8208-205BB70E25AB} = {F8E42C2A-C16E-4614-BBB2-C0D821A821B8}
	EndGlobalSection
EndGlobal
