
Microsoft Visual Studio Solution File, Format Version 12.00
Project("{2150E333-8FDC-42A3-9474-1A3956D46DE8}") = "Solution Items", "Solution Items", "{99999999-9999-9999-9999-999999999999}"
	ProjectSection(SolutionItems) = preProject
		Directory.Packages.props = Directory.Packages.props
		Artix.API.slnx = Artix.API.slnx
		.gitignore = .gitignore
		.dockerignore = .dockerignore
		.editorconfig = .editorconfig
		docker-compose.yaml = docker-compose.yaml
		Dockerfile = Dockerfile
		nginx.conf = nginx.conf
	EndProjectSection
EndProject
Project("{2150E333-8FDC-42A3-9474-1A3956D46DE8}") = "src", "src", "{44441200-FC49-4581-9FEE-3E670653E385}"
EndProject
Project("{2150E333-8FDC-42A3-9474-1A3956D46DE8}") = "tests", "tests", "{3F950E75-EFCC-46A2-9816-742F6725DF6B}"
	ProjectSection(SolutionItems) = preProject
		tests\Directory.Build.props = tests\Directory.Build.props
	EndProjectSection
EndProject
Project("{2150E333-8FDC-42A3-9474-1A3956D46DE8}") = "Core", "Core", "{1C569B48-8F0C-4174-A172-41019BBF223F}"
EndProject
Project("{2150E333-8FDC-42A3-9474-1A3956D46DE8}") = "Infra", "Infra", "{DE458FD0-9BDC-4547-B4D5-5C1016CC34EF}"
EndProject
Project("{2150E333-8FDC-42A3-9474-1A3956D46DE8}") = "Orchestration", "Orchestration", "{2E40066C-6A33-4057-8C9E-6FB7A28BFE72}"
EndProject
Project("{2150E333-8FDC-42A3-9474-1A3956D46DE8}") = "Presentation", "Presentation", "{CEEEADFC-0D5B-4187-898A-92FA2EB6F5C2}"
EndProject
Project("{FAE04EC0-301F-11D3-BF4B-00C04F79EFBC}") = "Artix.API.Core.Contract", "src\Core\Artix.API.Core.Contract\Artix.API.Core.Contract.csproj", "{3031CBD9-2049-4338-8096-514735840ECA}"
EndProject
Project("{FAE04EC0-301F-11D3-BF4B-00C04F79EFBC}") = "Artix.API.Core.ApplicationService", "src\Core\Artix.API.Core.ApplicationService\Artix.API.Core.ApplicationService.csproj", "{392EF20C-53A0-4011-90AD-B38095668CF9}"
EndProject
Project("{FAE04EC0-301F-11D3-BF4B-00C04F79EFBC}") = "Artix.API.Core.DomainService", "src\Core\Artix.API.Core.DomainService\Artix.API.Core.DomainService.csproj", "{391AD56A-EECA-43FF-8A2C-9BC8B7F01929}"
EndProject
Project("{FAE04EC0-301F-11D3-BF4B-00C04F79EFBC}") = "Artix.API.Core.Domain", "src\Core\Artix.API.Core.Domain\Artix.API.Core.Domain.csproj", "{A837858E-2DAC-40B6-A293-D62DB068B4F5}"
EndProject
Project("{FAE04EC0-301F-11D3-BF4B-00C04F79EFBC}") = "Artix.API.Infra.RabbitMQ", "src\Infra\Artix.API.Infra.RabbitMQ\Artix.API.Infra.RabbitMQ.csproj", "{B172630C-0A8E-49B9-B0CC-7DEDE16DBAE8}"
EndProject
Project("{FAE04EC0-301F-11D3-BF4B-00C04F79EFBC}") = "Artix.API.Infra.Identity", "src\Infra\Artix.API.Infra.Identity\Artix.API.Infra.Identity.csproj", "{B1339C9E-D5AA-411C-B5B0-22CF609E38E7}"
EndProject
Project("{FAE04EC0-301F-11D3-BF4B-00C04F79EFBC}") = "Artix.API.Infra.Redis", "src\Infra\Artix.API.Infra.Redis\Artix.API.Infra.Redis.csproj", "{4C0CFFF9-3F9F-4E37-B92F-DF7242A5E8C0}"
EndProject
Project("{FAE04EC0-301F-11D3-BF4B-00C04F79EFBC}") = "Artix.API.Infra.File", "src\Infra\Artix.API.Infra.File\Artix.API.Infra.File.csproj", "{FBA35D48-A6BA-4857-BABE-369B3304F25B}"
EndProject
Project("{FAE04EC0-301F-11D3-BF4B-00C04F79EFBC}") = "Artix.API.Infra.Sql", "src\Infra\Artix.API.Infra.Sql\Artix.API.Infra.Sql.csproj", "{D427B4BA-E26A-4843-8917-090192193A77}"
EndProject
Project("{FAE04EC0-301F-11D3-BF4B-00C04F79EFBC}") = "Artix.API.Orchestration.ServiceDefaults", "src\Orchestration\Artix.API.Orchestration.ServiceDefaults\Artix.API.Orchestration.ServiceDefaults.csproj", "{BC8AA9B2-FE5D-4479-AE95-FDEA2FD1A15B}"
EndProject
Project("{FAE04EC0-301F-11D3-BF4B-00C04F79EFBC}") = "Artix.API.Orchestration.AppHost", "src\Orchestration\Artix.API.Orchestration.AppHost\Artix.API.Orchestration.AppHost.csproj", "{AE55CC5C-C7C4-4A4C-807A-266D7418DEFC}"
EndProject
Project("{FAE04EC0-301F-11D3-BF4B-00C04F79EFBC}") = "Artix.API.WebService", "src\Presentation\Artix.API.WebService\Artix.API.WebService.csproj", "{D6ED2F2A-F46D-4EE2-9038-D9A949D561EE}"
EndProject
Project("{FAE04EC0-301F-11D3-BF4B-00C04F79EFBC}") = "Artix.API.Endpoints", "src\Presentation\Artix.API.Endpoints\Artix.API.Endpoints.csproj", "{C6C65922-ACE5-47E0-8B7C-0D938986126E}"
EndProject
Project("{FAE04EC0-301F-11D3-BF4B-00C04F79EFBC}") = "Artix.API.Tests.EndToEnd", "tests\Artix.API.Tests.EndToEnd\Artix.API.Tests.EndToEnd.csproj", "{1A0CDCE0-31F2-4E96-810E-A09C06063002}"
EndProject
Project("{FAE04EC0-301F-11D3-BF4B-00C04F79EFBC}") = "Artix.API.Tests.Integration", "tests\Artix.API.Tests.Integration\Artix.API.Tests.Integration.csproj", "{E098E3D1-B532-4544-AD6A-617F63DFF0D6}"
EndProject
Project("{FAE04EC0-301F-11D3-BF4B-00C04F79EFBC}") = "Artix.API.Tests.Unit", "tests\Artix.API.Tests.Unit\Artix.API.Tests.Unit.csproj", "{398E1E2F-5F2D-4D4D-B189-701A2E25E552}"
EndProject
	
	
		
Global
	GlobalSection(NestedProjects) = preSolution
		{1C569B48-8F0C-4174-A172-41019BBF223F} = {44441200-FC49-4581-9FEE-3E670653E385}
		{DE458FD0-9BDC-4547-B4D5-5C1016CC34EF} = {44441200-FC49-4581-9FEE-3E670653E385}
		{2E40066C-6A33-4057-8C9E-6FB7A28BFE72} = {44441200-FC49-4581-9FEE-3E670653E385}
		{CEEEADFC-0D5B-4187-898A-92FA2EB6F5C2} = {44441200-FC49-4581-9FEE-3E670653E385}
		{3031CBD9-2049-4338-8096-514735840ECA} = {1C569B48-8F0C-4174-A172-41019BBF223F}
		{392EF20C-53A0-4011-90AD-B38095668CF9} = {1C569B48-8F0C-4174-A172-41019BBF223F}
		{391AD56A-EECA-43FF-8A2C-9BC8B7F01929} = {1C569B48-8F0C-4174-A172-41019BBF223F}
		{A837858E-2DAC-40B6-A293-D62DB068B4F5} = {1C569B48-8F0C-4174-A172-41019BBF223F}
		{B172630C-0A8E-49B9-B0CC-7DEDE16DBAE8} = {DE458FD0-9BDC-4547-B4D5-5C1016CC34EF}
		{B1339C9E-D5AA-411C-B5B0-22CF609E38E7} = {DE458FD0-9BDC-4547-B4D5-5C1016CC34EF}
		{4C0CFFF9-3F9F-4E37-B92F-DF7242A5E8C0} = {DE458FD0-9BDC-4547-B4D5-5C1016CC34EF}
		{FBA35D48-A6BA-4857-BABE-369B3304F25B} = {DE458FD0-9BDC-4547-B4D5-5C1016CC34EF}
		{D427B4BA-E26A-4843-8917-090192193A77} = {DE458FD0-9BDC-4547-B4D5-5C1016CC34EF}
		{BC8AA9B2-FE5D-4479-AE95-FDEA2FD1A15B} = {2E40066C-6A33-4057-8C9E-6FB7A28BFE72}
		{AE55CC5C-C7C4-4A4C-807A-266D7418DEFC} = {2E40066C-6A33-4057-8C9E-6FB7A28BFE72}
		{D6ED2F2A-F46D-4EE2-9038-D9A949D561EE} = {CEEEADFC-0D5B-4187-898A-92FA2EB6F5C2}
		{C6C65922-ACE5-47E0-8B7C-0D938986126E} = {CEEEADFC-0D5B-4187-898A-92FA2EB6F5C2}
		{1A0CDCE0-31F2-4E96-810E-A09C06063002} = {3F950E75-EFCC-46A2-9816-742F6725DF6B}
		{E098E3D1-B532-4544-AD6A-617F63DFF0D6} = {3F950E75-EFCC-46A2-9816-742F6725DF6B}
		{398E1E2F-5F2D-4D4D-B189-701A2E25E552} = {3F950E75-EFCC-46A2-9816-742F6725DF6B}
	EndGlobalSection
	GlobalSection(ProjectConfigurationPlatforms) = postSolution
	EndGlobalSection
EndGlobal
