<Solution>
  <Folder Name="/Solution Items/">
    <File Path="Directory.Packages.props" />
  </Folder>
  <Folder Name="/src/" />
  <Folder Name="/src/Core/">
    <Project Path="src/Core/Artix.API.Core.ApplicationService/Artix.API.Core.ApplicationService.csproj" />
    <Project Path="src/Core/Artix.API.Core.Contract/Artix.API.Core.Contract.csproj" />
    <Project Path="src/Core/Artix.API.Core.Domain/Artix.API.Core.Domain.csproj" />
    <Project Path="src/Core/Artix.API.Core.DomainService/Artix.API.Core.DomainService.csproj" />
  </Folder>
  <Folder Name="/src/Infra/">
    <Project Path="src/Infra/Artix.API.Infra.Sql/Artix.API.Infra.Sql.csproj" />
    <Project Path="src\Infra\Artix.API.Infra.File\Artix.API.Infra.File.csproj" Type="Classic C#" />
    <Project Path="src\Infra\Artix.API.Infra.Identity\Artix.API.Infra.Identity.csproj" Type="Classic C#" />
    <Project Path="src\Infra\Artix.API.Infra.RabbitMQ\Artix.API.Infra.RabbitMQ.csproj" Type="Classic C#" />
    <Project Path="src\Infra\Artix.API.Infra.Redis\Artix.API.Infra.Redis.csproj" Type="Classic C#" />
  </Folder>
  <Folder Name="/src/Orchestration/">
    <Project Path="src\Orchestration\Artix.API.Orchestration.AppHost\Artix.API.Orchestration.AppHost.csproj" Type="Classic C#" />
    <Project Path="src\Orchestration\Artix.API.Orchestration.ServiceDefaults\Artix.API.Orchestration.ServiceDefaults.csproj" Type="Classic C#" />
  </Folder>
  <Folder Name="/src/Presentation/">
    <Project Path="src\Presentation\Artix.API.Endpoints\Artix.API.Endpoints.csproj" Type="Classic C#" />
    <Project Path="src\Presentation\Artix.API.WebService\Artix.API.WebService.csproj" Type="Classic C#" />
  </Folder>
  <Folder Name="/test/" />
</Solution>